// !$*UTF8*$!
{
	archiveVersion = 1;
	classes = {
	};
	objectVersion = 46;
	objects = {

/* Begin PBXBuildFile section */
		0D373A391C2C872200B4DE88 /* AppDelegate.swift in Sources */ = {isa = PBXBuildFile; fileRef = 0D373A381C2C872200B4DE88 /* AppDelegate.swift */; };
		0D373A3B1C2C872200B4DE88 /* Assets.xcassets in Resources */ = {isa = PBXBuildFile; fileRef = 0D373A3A1C2C872200B4DE88 /* Assets.xcassets */; };
		0D373A3E1C2C872200B4DE88 /* MainMenu.xib in Resources */ = {isa = PBXBuildFile; fileRef = 0D373A3C1C2C872200B4DE88 /* MainMenu.xib */; };
		0D373A471C2C874500B4DE88 /* Workspace.swift in Sources */ = {isa = PBXBuildFile; fileRef = 0D373A461C2C874500B4DE88 /* Workspace.swift */; };
		0D373A491C2C875800B4DE88 /* Project.swift in Sources */ = {isa = PBXBuildFile; fileRef = 0D373A481C2C875800B4DE88 /* Project.swift */; };
		0D373A4B1C2C87BA00B4DE88 /* NmapXMLParser.swift in Sources */ = {isa = PBXBuildFile; fileRef = 0D373A4A1C2C87BA00B4DE88 /* NmapXMLParser.swift */; };
		0D373A4E1C2C890900B4DE88 /* MapWindowController.swift in Sources */ = {isa = PBXBuildFile; fileRef = 0D373A4C1C2C890900B4DE88 /* MapWindowController.swift */; };
		0D373A4F1C2C890900B4DE88 /* MapWindowController.xib in Resources */ = {isa = PBXBuildFile; fileRef = 0D373A4D1C2C890900B4DE88 /* MapWindowController.xib */; };
		0D373A541C2C8C1100B4DE88 /* NodeMapViewController.swift in Sources */ = {isa = PBXBuildFile; fileRef = 0D373A521C2C8C1100B4DE88 /* NodeMapViewController.swift */; };
		0D373A551C2C8C1100B4DE88 /* NodeMapViewController.xib in Resources */ = {isa = PBXBuildFile; fileRef = 0D373A531C2C8C1100B4DE88 /* NodeMapViewController.xib */; };
		0D373A581C2C8C2600B4DE88 /* NodeMapView.swift in Sources */ = {isa = PBXBuildFile; fileRef = 0D373A571C2C8C2600B4DE88 /* NodeMapView.swift */; };
		0D373A5B1C2C8EF000B4DE88 /* Node.swift in Sources */ = {isa = PBXBuildFile; fileRef = 0D373A5A1C2C8EF000B4DE88 /* Node.swift */; };
		0D45E7FA1C2FF510001248E1 /* SWXMLHash.framework in Frameworks */ = {isa = PBXBuildFile; fileRef = 0D45E7F91C2FF510001248E1 /* SWXMLHash.framework */; };
/* End PBXBuildFile section */

/* Begin PBXFileReference section */
		0D373A351C2C872200B4DE88 /* NetMap.app */ = {isa = PBXFileReference; explicitFileType = wrapper.application; includeInIndex = 0; path = NetMap.app; sourceTree = BUILT_PRODUCTS_DIR; };
		0D373A381C2C872200B4DE88 /* AppDelegate.swift */ = {isa = PBXFileReference; lastKnownFileType = sourcecode.swift; path = AppDelegate.swift; sourceTree = "<group>"; };
		0D373A3A1C2C872200B4DE88 /* Assets.xcassets */ = {isa = PBXFileReference; lastKnownFileType = folder.assetcatalog; path = Assets.xcassets; sourceTree = "<group>"; };
		0D373A3D1C2C872200B4DE88 /* Base */ = {isa = PBXFileReference; lastKnownFileType = file.xib; name = Base; path = Base.lproj/MainMenu.xib; sourceTree = "<group>"; };
		0D373A3F1C2C872200B4DE88 /* Info.plist */ = {isa = PBXFileReference; lastKnownFileType = text.plist.xml; path = Info.plist; sourceTree = "<group>"; };
		0D373A461C2C874500B4DE88 /* Workspace.swift */ = {isa = PBXFileReference; fileEncoding = 4; lastKnownFileType = sourcecode.swift; path = Workspace.swift; sourceTree = "<group>"; };
		0D373A481C2C875800B4DE88 /* Project.swift */ = {isa = PBXFileReference; fileEncoding = 4; lastKnownFileType = sourcecode.swift; path = Project.swift; sourceTree = "<group>"; };
		0D373A4A1C2C87BA00B4DE88 /* NmapXMLParser.swift */ = {isa = PBXFileReference; fileEncoding = 4; lastKnownFileType = sourcecode.swift; path = NmapXMLParser.swift; sourceTree = "<group>"; };
		0D373A4C1C2C890900B4DE88 /* MapWindowController.swift */ = {isa = PBXFileReference; fileEncoding = 4; lastKnownFileType = sourcecode.swift; path = MapWindowController.swift; sourceTree = "<group>"; };
		0D373A4D1C2C890900B4DE88 /* MapWindowController.xib */ = {isa = PBXFileReference; fileEncoding = 4; lastKnownFileType = file.xib; path = MapWindowController.xib; sourceTree = "<group>"; };
		0D373A521C2C8C1100B4DE88 /* NodeMapViewController.swift */ = {isa = PBXFileReference; fileEncoding = 4; lastKnownFileType = sourcecode.swift; path = NodeMapViewController.swift; sourceTree = "<group>"; };
		0D373A531C2C8C1100B4DE88 /* NodeMapViewController.xib */ = {isa = PBXFileReference; fileEncoding = 4; lastKnownFileType = file.xib; path = NodeMapViewController.xib; sourceTree = "<group>"; };
		0D373A571C2C8C2600B4DE88 /* NodeMapView.swift */ = {isa = PBXFileReference; fileEncoding = 4; lastKnownFileType = sourcecode.swift; path = NodeMapView.swift; sourceTree = "<group>"; };
		0D373A5A1C2C8EF000B4DE88 /* Node.swift */ = {isa = PBXFileReference; fileEncoding = 4; lastKnownFileType = sourcecode.swift; path = Node.swift; sourceTree = "<group>"; };
		0D45E7F91C2FF510001248E1 /* SWXMLHash.framework */ = {isa = PBXFileReference; lastKnownFileType = wrapper.framework; name = SWXMLHash.framework; path = Carthage/Build/Mac/SWXMLHash.framework; sourceTree = "<group>"; };
/* End PBXFileReference section */

/* Begin PBXFrameworksBuildPhase section */
		0D373A321C2C872200B4DE88 /* Frameworks */ = {
			isa = PBXFrameworksBuildPhase;
			buildActionMask = 2147483647;
			files = (
				0D45E7FA1C2FF510001248E1 /* SWXMLHash.framework in Frameworks */,
			);
			runOnlyForDeploymentPostprocessing = 0;
		};
/* End PBXFrameworksBuildPhase section */

/* Begin PBXGroup section */
		0D373A2C1C2C872200B4DE88 = {
			isa = PBXGroup;
			children = (
				0D45E7F91C2FF510001248E1 /* SWXMLHash.framework */,
				0D373A371C2C872200B4DE88 /* NetMap */,
				0D373A361C2C872200B4DE88 /* Products */,
			);
			sourceTree = "<group>";
		};
		0D373A361C2C872200B4DE88 /* Products */ = {
			isa = PBXGroup;
			children = (
				0D373A351C2C872200B4DE88 /* NetMap.app */,
			);
			name = Products;
			sourceTree = "<group>";
		};
		0D373A371C2C872200B4DE88 /* NetMap */ = {
			isa = PBXGroup;
			children = (
				0D373A501C2C890D00B4DE88 /* Map Window */,
				0D373A451C2C872900B4DE88 /* Model */,
				0D373A381C2C872200B4DE88 /* AppDelegate.swift */,
				0D373A3A1C2C872200B4DE88 /* Assets.xcassets */,
				0D373A3C1C2C872200B4DE88 /* MainMenu.xib */,
				0D373A3F1C2C872200B4DE88 /* Info.plist */,
			);
			path = NetMap;
			sourceTree = "<group>";
		};
		0D373A451C2C872900B4DE88 /* Model */ = {
			isa = PBXGroup;
			children = (
				0D373A461C2C874500B4DE88 /* Workspace.swift */,
				0D373A481C2C875800B4DE88 /* Project.swift */,
				0D373A4A1C2C87BA00B4DE88 /* NmapXMLParser.swift */,
				0D373A5A1C2C8EF000B4DE88 /* Node.swift */,
			);
			name = Model;
			sourceTree = "<group>";
		};
		0D373A501C2C890D00B4DE88 /* Map Window */ = {
			isa = PBXGroup;
			children = (
				0D373A511C2C8BF500B4DE88 /* Node Map View */,
				0D373A4C1C2C890900B4DE88 /* MapWindowController.swift */,
				0D373A4D1C2C890900B4DE88 /* MapWindowController.xib */,
			);
			name = "Map Window";
			sourceTree = "<group>";
		};
		0D373A511C2C8BF500B4DE88 /* Node Map View */ = {
			isa = PBXGroup;
			children = (
				0D373A561C2C8C1500B4DE88 /* NodeMapView */,
				0D373A521C2C8C1100B4DE88 /* NodeMapViewController.swift */,
				0D373A531C2C8C1100B4DE88 /* NodeMapViewController.xib */,
			);
			name = "Node Map View";
			sourceTree = "<group>";
		};
		0D373A561C2C8C1500B4DE88 /* NodeMapView */ = {
			isa = PBXGroup;
			children = (
				0D373A571C2C8C2600B4DE88 /* NodeMapView.swift */,
			);
			name = NodeMapView;
			sourceTree = "<group>";
		};
/* End PBXGroup section */

/* Begin PBXNativeTarget section */
		0D373A341C2C872200B4DE88 /* NetMap */ = {
			isa = PBXNativeTarget;
			buildConfigurationList = 0D373A421C2C872200B4DE88 /* Build configuration list for PBXNativeTarget "NetMap" */;
			buildPhases = (
				0D373A311C2C872200B4DE88 /* Sources */,
				0D373A321C2C872200B4DE88 /* Frameworks */,
				0D373A331C2C872200B4DE88 /* Resources */,
				0D45E7FD1C2FF557001248E1 /* ShellScript */,
			);
			buildRules = (
			);
			dependencies = (
			);
			name = NetMap;
			productName = NetMap;
			productReference = 0D373A351C2C872200B4DE88 /* NetMap.app */;
			productType = "com.apple.product-type.application";
		};
/* End PBXNativeTarget section */

/* Begin PBXProject section */
		0D373A2D1C2C872200B4DE88 /* Project object */ = {
			isa = PBXProject;
			attributes = {
				LastSwiftUpdateCheck = 0720;
				LastUpgradeCheck = 0720;
				ORGANIZATIONNAME = "Suborbital Softworks Ltd.";
				TargetAttributes = {
					0D373A341C2C872200B4DE88 = {
						CreatedOnToolsVersion = 7.2;
					};
				};
			};
			buildConfigurationList = 0D373A301C2C872200B4DE88 /* Build configuration list for PBXProject "NetMap" */;
			compatibilityVersion = "Xcode 3.2";
			developmentRegion = English;
			hasScannedForEncodings = 0;
			knownRegions = (
				en,
				Base,
			);
			mainGroup = 0D373A2C1C2C872200B4DE88;
			productRefGroup = 0D373A361C2C872200B4DE88 /* Products */;
			projectDirPath = "";
			projectRoot = "";
			targets = (
				0D373A341C2C872200B4DE88 /* NetMap */,
			);
		};
/* End PBXProject section */

/* Begin PBXResourcesBuildPhase section */
		0D373A331C2C872200B4DE88 /* Resources */ = {
			isa = PBXResourcesBuildPhase;
			buildActionMask = 2147483647;
			files = (
				0D373A4F1C2C890900B4DE88 /* MapWindowController.xib in Resources */,
				0D373A551C2C8C1100B4DE88 /* NodeMapViewController.xib in Resources */,
				0D373A3B1C2C872200B4DE88 /* Assets.xcassets in Resources */,
				0D373A3E1C2C872200B4DE88 /* MainMenu.xib in Resources */,
			);
			runOnlyForDeploymentPostprocessing = 0;
		};
/* End PBXResourcesBuildPhase section */

/* Begin PBXShellScriptBuildPhase section */
		0D45E7FD1C2FF557001248E1 /* ShellScript */ = {
			isa = PBXShellScriptBuildPhase;
			buildActionMask = 2147483647;
			files = (
			);
			inputPaths = (
				"$(SRCROOT)/Carthage/Build/Mac/SWXMLHash.framework",
			);
			outputPaths = (
				"$(DERIVED_FILE_DIR)/myfile",
			);
			runOnlyForDeploymentPostprocessing = 0;
			shellPath = /bin/sh;
			shellScript = "/usr/local/bin/carthage copy-frameworks";
		};
/* End PBXShellScriptBuildPhase section */

/* Begin PBXSourcesBuildPhase section */
		0D373A311C2C872200B4DE88 /* Sources */ = {
			isa = PBXSourcesBuildPhase;
			buildActionMask = 2147483647;
			files = (
				0D373A581C2C8C2600B4DE88 /* NodeMapView.swift in Sources */,
				0D373A4B1C2C87BA00B4DE88 /* NmapXMLParser.swift in Sources */,
				0D373A4E1C2C890900B4DE88 /* MapWindowController.swift in Sources */,
				0D373A5B1C2C8EF000B4DE88 /* Node.swift in Sources */,
				0D373A391C2C872200B4DE88 /* AppDelegate.swift in Sources */,
				0D373A541C2C8C1100B4DE88 /* NodeMapViewController.swift in Sources */,
				0D373A471C2C874500B4DE88 /* Workspace.swift in Sources */,
				0D373A491C2C875800B4DE88 /* Project.swift in Sources */,
			);
			runOnlyForDeploymentPostprocessing = 0;
		};
/* End PBXSourcesBuildPhase section */

/* Begin PBXVariantGroup section */
		0D373A3C1C2C872200B4DE88 /* MainMenu.xib */ = {
			isa = PBXVariantGroup;
			children = (
				0D373A3D1C2C872200B4DE88 /* Base */,
			);
			name = MainMenu.xib;
			sourceTree = "<group>";
		};
/* End PBXVariantGroup section */

/* Begin XCBuildConfiguration section */
		0D373A401C2C872200B4DE88 /* Debug */ = {
			isa = XCBuildConfiguration;
			buildSettings = {
				ALWAYS_SEARCH_USER_PATHS = NO;
				CLANG_CXX_LANGUAGE_STANDARD = "gnu++0x";
				CLANG_CXX_LIBRARY = "libc++";
				CLANG_ENABLE_MODULES = YES;
				CLANG_ENABLE_OBJC_ARC = YES;
				CLANG_WARN_BOOL_CONVERSION = YES;
				CLANG_WARN_CONSTANT_CONVERSION = YES;
				CLANG_WARN_DIRECT_OBJC_ISA_USAGE = YES_ERROR;
				CLANG_WARN_EMPTY_BODY = YES;
				CLANG_WARN_ENUM_CONVERSION = YES;
				CLANG_WARN_INT_CONVERSION = YES;
				CLANG_WARN_OBJC_ROOT_CLASS = YES_ERROR;
				CLANG_WARN_UNREACHABLE_CODE = YES;
				CLANG_WARN__DUPLICATE_METHOD_MATCH = YES;
				CODE_SIGN_IDENTITY = "-";
				COPY_PHASE_STRIP = NO;
				DEBUG_INFORMATION_FORMAT = dwarf;
				ENABLE_STRICT_OBJC_MSGSEND = YES;
				ENABLE_TESTABILITY = YES;
				GCC_C_LANGUAGE_STANDARD = gnu99;
				GCC_DYNAMIC_NO_PIC = NO;
				GCC_NO_COMMON_BLOCKS = YES;
				GCC_OPTIMIZATION_LEVEL = 0;
				GCC_PREPROCESSOR_DEFINITIONS = (
					"DEBUG=1",
					"$(inherited)",
				);
				GCC_WARN_64_TO_32_BIT_CONVERSION = YES;
				GCC_WARN_ABOUT_RETURN_TYPE = YES_ERROR;
				GCC_WARN_UNDECLARED_SELECTOR = YES;
				GCC_WARN_UNINITIALIZED_AUTOS = YES_AGGRESSIVE;
				GCC_WARN_UNUSED_FUNCTION = YES;
				GCC_WARN_UNUSED_VARIABLE = YES;
				MACOSX_DEPLOYMENT_TARGET = 10.10;
				MTL_ENABLE_DEBUG_INFO = YES;
				ONLY_ACTIVE_ARCH = YES;
				SDKROOT = macosx;
				SWIFT_OPTIMIZATION_LEVEL = "-Onone";
			};
			name = Debug;
		};
		0D373A411C2C872200B4DE88 /* Release */ = {
			isa = XCBuildConfiguration;
			buildSettings = {
				ALWAYS_SEARCH_USER_PATHS = NO;
				CLANG_CXX_LANGUAGE_STANDARD = "gnu++0x";
				CLANG_CXX_LIBRARY = "libc++";
				CLANG_ENABLE_MODULES = YES;
				CLANG_ENABLE_OBJC_ARC = YES;
				CLANG_WARN_BOOL_CONVERSION = YES;
				CLANG_WARN_CONSTANT_CONVERSION = YES;
				CLANG_WARN_DIRECT_OBJC_ISA_USAGE = YES_ERROR;
				CLANG_WARN_EMPTY_BODY = YES;
				CLANG_WARN_ENUM_CONVERSION = YES;
				CLANG_WARN_INT_CONVERSION = YES;
				CLANG_WARN_OBJC_ROOT_CLASS = YES_ERROR;
				CLANG_WARN_UNREACHABLE_CODE = YES;
				CLANG_WARN__DUPLICATE_METHOD_MATCH = YES;
				CODE_SIGN_IDENTITY = "-";
				COPY_PHASE_STRIP = NO;
				DEBUG_INFORMATION_FORMAT = "dwarf-with-dsym";
				ENABLE_NS_ASSERTIONS = NO;
				ENABLE_STRICT_OBJC_MSGSEND = YES;
				GCC_C_LANGUAGE_STANDARD = gnu99;
				GCC_NO_COMMON_BLOCKS = YES;
				GCC_WARN_64_TO_32_BIT_CONVERSION = YES;
				GCC_WARN_ABOUT_RETURN_TYPE = YES_ERROR;
				GCC_WARN_UNDECLARED_SELECTOR = YES;
				GCC_WARN_UNINITIALIZED_AUTOS = YES_AGGRESSIVE;
				GCC_WARN_UNUSED_FUNCTION = YES;
				GCC_WARN_UNUSED_VARIABLE = YES;
				MACOSX_DEPLOYMENT_TARGET = 10.10;
				MTL_ENABLE_DEBUG_INFO = NO;
				SDKROOT = macosx;
			};
			name = Release;
		};
		0D373A431C2C872200B4DE88 /* Debug */ = {
			isa = XCBuildConfiguration;
			buildSettings = {
				ASSETCATALOG_COMPILER_APPICON_NAME = AppIcon;
				COMBINE_HIDPI_IMAGES = YES;
				FRAMEWORK_SEARCH_PATHS = (
					"$(inherited)",
					"$(PROJECT_DIR)/Carthage/Build/Mac",
				);
				INFOPLIST_FILE = NetMap/Info.plist;
				LD_RUNPATH_SEARCH_PATHS = "$(inherited) @executable_path/../Frameworks";
				PRODUCT_BUNDLE_IDENTIFIER = io.suborbital.NetMap;
				PRODUCT_NAME = "$(TARGET_NAME)";
			};
			name = Debug;
		};
		0D373A441C2C872200B4DE88 /* Release */ = {
			isa = XCBuildConfiguration;
			buildSettings = {
				ASSETCATALOG_COMPILER_APPICON_NAME = AppIcon;
				COMBINE_HIDPI_IMAGES = YES;
				FRAMEWORK_SEARCH_PATHS = (
					"$(inherited)",
					"$(PROJECT_DIR)/Carthage/Build/Mac",
				);
				INFOPLIST_FILE = NetMap/Info.plist;
				LD_RUNPATH_SEARCH_PATHS = "$(inherited) @executable_path/../Frameworks";
				PRODUCT_BUNDLE_IDENTIFIER = io.suborbital.NetMap;
				PRODUCT_NAME = "$(TARGET_NAME)";
			};
			name = Release;
		};
/* End XCBuildConfiguration section */

/* Begin XCConfigurationList section */
		0D373A301C2C872200B4DE88 /* Build configuration list for PBXProject "NetMap" */ = {
			isa = XCConfigurationList;
			buildConfigurations = (
				0D373A401C2C872200B4DE88 /* Debug */,
				0D373A411C2C872200B4DE88 /* Release */,
			);
			defaultConfigurationIsVisible = 0;
			defaultConfigurationName = Release;
		};
		0D373A421C2C872200B4DE88 /* Build configuration list for PBXNativeTarget "NetMap" */ = {
			isa = XCConfigurationList;
			buildConfigurations = (
				0D373A431C2C872200B4DE88 /* Debug */,
				0D373A441C2C872200B4DE88 /* Release */,
			);
			defaultConfigurationIsVisible = 0;
			defaultConfigurationName = Release;
		};
/* End XCConfigurationList section */
	};
	rootObject = 0D373A2D1C2C872200B4DE88 /* Project object */;
}
